// !$*UTF8*$!
{
	archiveVersion = 1;
	classes = {
	};
	objectVersion = 77;
	objects = {

/* Begin PBXBuildFile section */
		D8266EA72FBD26F400C02BA0 /* vendor.babel.js in Resources */ = {isa = PBXBuildFile; fileRef = D8266EA42FBD26F400C02BA0 /* vendor.babel.js */; };
		D8266EA82FBD26F400C02BA0 /* vendor.react.js in Resources */ = {isa = PBXBuildFile; fileRef = D8266EA52FBD26F400C02BA0 /* vendor.react.js */; };
		D8266EA92FBD26F400C02BA0 /* vendor.react-dom.js in Resources */ = {isa = PBXBuildFile; fileRef = D8266EA62FBD26F400C02BA0 /* vendor.react-dom.js */; };
		D8266EAA2FBD26F400C02BA0 /* vendor.babel.js in Resources */ = {isa = PBXBuildFile; fileRef = D8266EA42FBD26F400C02BA0 /* vendor.babel.js */; };
		D8266EAB2FBD26F400C02BA0 /* vendor.react.js in Resources */ = {isa = PBXBuildFile; fileRef = D8266EA52FBD26F400C02BA0 /* vendor.react.js */; };
		D8266EAC2FBD26F400C02BA0 /* vendor.react-dom.js in Resources */ = {isa = PBXBuildFile; fileRef = D8266EA62FBD26F400C02BA0 /* vendor.react-dom.js */; };
		D8266EAD2FBD26F400C02BA0 /* vendor.babel.js in Resources */ = {isa = PBXBuildFile; fileRef = D8266EA42FBD26F400C02BA0 /* vendor.babel.js */; };
		D8266EAE2FBD26F400C02BA0 /* vendor.react.js in Resources */ = {isa = PBXBuildFile; fileRef = D8266EA52FBD26F400C02BA0 /* vendor.react.js */; };
		D8266EAF2FBD26F400C02BA0 /* vendor.react-dom.js in Resources */ = {isa = PBXBuildFile; fileRef = D8266EA62FBD26F400C02BA0 /* vendor.react-dom.js */; };
/* End PBXBuildFile section */

/* Begin PBXContainerItemProxy section */
		D81FA3572FBD111A0073C40F /* PBXContainerItemProxy */ = {
			isa = PBXContainerItemProxy;
			containerPortal = D81FA33F2FBD11190073C40F /* Project object */;
			proxyType = 1;
			remoteGlobalIDString = D81FA3462FBD11190073C40F;
			remoteInfo = "Prototype 2026";
		};
		D81FA3612FBD111A0073C40F /* PBXContainerItemProxy */ = {
			isa = PBXContainerItemProxy;
			containerPortal = D81FA33F2FBD11190073C40F /* Project object */;
			proxyType = 1;
			remoteGlobalIDString = D81FA3462FBD11190073C40F;
			remoteInfo = "Prototype 2026";
		};
/* End PBXContainerItemProxy section */

/* Begin PBXFileReference section */
		D81FA3472FBD11190073C40F /* Prototype 2026.app */ = {isa = PBXFileReference; explicitFileType = wrapper.application; includeInIndex = 0; path = "Prototype 2026.app"; sourceTree = BUILT_PRODUCTS_DIR; };
		D81FA3562FBD111A0073C40F /* Prototype 2026Tests.xctest */ = {isa = PBXFileReference; explicitFileType = wrapper.cfbundle; includeInIndex = 0; path = "Prototype 2026Tests.xctest"; sourceTree = BUILT_PRODUCTS_DIR; };
		D81FA3602FBD111A0073C40F /* Prototype 2026UITests.xctest */ = {isa = PBXFileReference; explicitFileType = wrapper.cfbundle; includeInIndex = 0; path = "Prototype 2026UITests.xctest"; sourceTree = BUILT_PRODUCTS_DIR; };
		D8266EA42FBD26F400C02BA0 /* vendor.babel.js */ = {isa = PBXFileReference; lastKnownFileType = sourcecode.javascript; path = vendor.babel.js; sourceTree = "<group>"; };
		D8266EA52FBD26F400C02BA0 /* vendor.react.js */ = {isa = PBXFileReference; lastKnownFileType = sourcecode.javascript; path = vendor.react.js; sourceTree = "<group>"; };
		D8266EA62FBD26F400C02BA0 /* vendor.react-dom.js */ = {isa = PBXFileReference; lastKnownFileType = sourcecode.javascript; path = "vendor.react-dom.js"; sourceTree = "<group>"; };
/* End PBXFileReference section */

/* Begin PBXFileSystemSynchronizedBuildFileExceptionSet section */
		D81FA4412FBD11340073C40F /* Exceptions for "Prototype 2026" folder in "Prototype 2026Tests" target */ = {
			isa = PBXFileSystemSynchronizedBuildFileExceptionSet;
			membershipExceptions = (
				project/_archive/app.v1.jsx,
				"project/_archive/app.v2-dark.jsx",
				project/_archive/cards.v1.jsx,
				"project/_checks/01-initial.png",
				"project/_checks/01-people-03-tweaks-open.png",
				"project/_checks/01-people-04.png",
				"project/_checks/01-people-direct.png",
				"project/_checks/02-people-03-tweaks-open.png",
				"project/_checks/02-people-04.png",
				"project/_checks/02-people-direct.png",
				"project/_checks/03-people-04.png",
				"project/_checks/03-people-direct.png",
				"project/_checks/after-swipe.png",
				"project/_checks/ai-open.png",
				project/_checks/debug.png,
				project/_checks/debug2.png,
				"project/_checks/light-shell-hq.png",
				"project/_checks/light-shell-v2.png",
				"project/_checks/light-shell-v3.png",
				"project/_checks/light-shell-v4.png",
				"project/_checks/light-shell.png",
				"project/_checks/people-01-root.png",
				"project/_checks/people-02-root.png",
				project/_checks/vertical.png,
				project/app.jsx,
				"project/assets/symbol-black.svg",
				"project/assets/symbol-white.svg",
				project/briefing.jsx,
				project/cards.jsx,
				project/colors_and_type.css,
				project/creation.jsx,
				"project/Doodle Day Cards v1 (dark).html",
				"project/Doodle Day Cards.html",
				project/fonts/InterVariable.ttf,
				"project/fonts/NotoSerif-Regular.ttf",
				"project/ios-frame.jsx",
				project/overview.jsx,
				project/people.jsx,
				project/ring.jsx,
				"project/tweaks-panel.jsx",
				"project/uploads/pasted-1779185382958-0.png",
				"project/uploads/pasted-1779194623325-0.png",
				"project/uploads/pasted-1779196742771-0.png",
				"project/uploads/pasted-1779212988011-0.png",
				"project/uploads/Screenshot 2026-05-19 at 14.45.19.png",
				"project/uploads/Screenshot 2026-05-19 at 15.19.24.png",
				"project/uploads/Screenshot 2026-05-19 at 15.48.12.png",
				"project/uploads/Screenshot 2026-05-19 at 15.48.26.png",
				"project/uploads/Screenshot 2026-05-19 at 19.50.06.png",
				README.md,
			);
			target = D81FA3552FBD111A0073C40F /* Prototype 2026Tests */;
		};
		D81FA4422FBD11340073C40F /* Exceptions for "Prototype 2026" folder in "Prototype 2026UITests" target */ = {
			isa = PBXFileSystemSynchronizedBuildFileExceptionSet;
			membershipExceptions = (
				project/_archive/app.v1.jsx,
				"project/_archive/app.v2-dark.jsx",
				project/_archive/cards.v1.jsx,
				"project/_checks/01-initial.png",
				"project/_checks/01-people-03-tweaks-open.png",
				"project/_checks/01-people-04.png",
				"project/_checks/01-people-direct.png",
				"project/_checks/02-people-03-tweaks-open.png",
				"project/_checks/02-people-04.png",
				"project/_checks/02-people-direct.png",
				"project/_checks/03-people-04.png",
				"project/_checks/03-people-direct.png",
				"project/_checks/after-swipe.png",
				"project/_checks/ai-open.png",
				project/_checks/debug.png,
				project/_checks/debug2.png,
				"project/_checks/light-shell-hq.png",
				"project/_checks/light-shell-v2.png",
				"project/_checks/light-shell-v3.png",
				"project/_checks/light-shell-v4.png",
				"project/_checks/light-shell.png",
				"project/_checks/people-01-root.png",
				"project/_checks/people-02-root.png",
				project/_checks/vertical.png,
				project/app.jsx,
				"project/assets/symbol-black.svg",
				"project/assets/symbol-white.svg",
				project/briefing.jsx,
				project/cards.jsx,
				project/colors_and_type.css,
				project/creation.jsx,
				"project/Doodle Day Cards v1 (dark).html",
				"project/Doodle Day Cards.html",
				project/fonts/InterVariable.ttf,
				"project/fonts/NotoSerif-Regular.ttf",
				"project/ios-frame.jsx",
				project/overview.jsx,
				project/people.jsx,
				project/ring.jsx,
				"project/tweaks-panel.jsx",
				"project/uploads/pasted-1779185382958-0.png",
				"project/uploads/pasted-1779194623325-0.png",
				"project/uploads/pasted-1779196742771-0.png",
				"project/uploads/pasted-1779212988011-0.png",
				"project/uploads/Screenshot 2026-05-19 at 14.45.19.png",
				"project/uploads/Screenshot 2026-05-19 at 15.19.24.png",
				"project/uploads/Screenshot 2026-05-19 at 15.48.12.png",
				"project/uploads/Screenshot 2026-05-19 at 15.48.26.png",
				"project/uploads/Screenshot 2026-05-19 at 19.50.06.png",
				README.md,
			);
			target = D81FA35F2FBD111A0073C40F /* Prototype 2026UITests */;
		};
/* End PBXFileSystemSynchronizedBuildFileExceptionSet section */

/* Begin PBXFileSystemSynchronizedRootGroup section */
		D81FA3492FBD11190073C40F /* Prototype 2026 */ = {
			isa = PBXFileSystemSynchronizedRootGroup;
			exceptions = (
				D81FA4412FBD11340073C40F /* Exceptions for "Prototype 2026" folder in "Prototype 2026Tests" target */,
				D81FA4422FBD11340073C40F /* Exceptions for "Prototype 2026" folder in "Prototype 2026UITests" target */,
			);
			path = "Prototype 2026";
			sourceTree = "<group>";
		};
		D81FA3592FBD111A0073C40F /* Prototype 2026Tests */ = {
			isa = PBXFileSystemSynchronizedRootGroup;
			path = "Prototype 2026Tests";
			sourceTree = "<group>";
		};
		D81FA3632FBD111A0073C40F /* Prototype 2026UITests */ = {
			isa = PBXFileSystemSynchronizedRootGroup;
			path = "Prototype 2026UITests";
			sourceTree = "<group>";
		};
/* End PBXFileSystemSynchronizedRootGroup section */

/* Begin PBXFrameworksBuildPhase section */
		D81FA3442FBD11190073C40F /* Frameworks */ = {
			isa = PBXFrameworksBuildPhase;
			buildActionMask = 2147483647;
			files = (
			);
			runOnlyForDeploymentPostprocessing = 0;
		};
		D81FA3532FBD111A0073C40F /* Frameworks */ = {
			isa = PBXFrameworksBuildPhase;
			buildActionMask = 2147483647;
			files = (
			);
			runOnlyForDeploymentPostprocessing = 0;
		};
		D81FA35D2FBD111A0073C40F /* Frameworks */ = {
			isa = PBXFrameworksBuildPhase;
			buildActionMask = 2147483647;
			files = (
			);
			runOnlyForDeploymentPostprocessing = 0;
		};
/* End PBXFrameworksBuildPhase section */

/* Begin PBXGroup section */
		D81FA33E2FBD11190073C40F = {
			isa = PBXGroup;
			children = (
				D8266EA42FBD26F400C02BA0 /* vendor.babel.js */,
				D8266EA52FBD26F400C02BA0 /* vendor.react.js */,
				D8266EA62FBD26F400C02BA0 /* vendor.react-dom.js */,
				D81FA3492FBD11190073C40F /* Prototype 2026 */,
				D81FA3592FBD111A0073C40F /* Prototype 2026Tests */,
				D81FA3632FBD111A0073C40F /* Prototype 2026UITests */,
				D81FA3482FBD11190073C40F /* Products */,
			);
			sourceTree = "<group>";
		};
		D81FA3482FBD11190073C40F /* Products */ = {
			isa = PBXGroup;
			children = (
				D81FA3472FBD11190073C40F /* Prototype 2026.app */,
				D81FA3562FBD111A0073C40F /* Prototype 2026Tests.xctest */,
				D81FA3602FBD111A0073C40F /* Prototype 2026UITests.xctest */,
			);
			name = Products;
			sourceTree = "<group>";
		};
/* End PBXGroup section */

/* Begin PBXNativeTarget section */
		D81FA3462FBD11190073C40F /* Prototype 2026 */ = {
			isa = PBXNativeTarget;
			buildConfigurationList = D81FA36A2FBD111A0073C40F /* Build configuration list for PBXNativeTarget "Prototype 2026" */;
			buildPhases = (
				D81FA3432FBD11190073C40F /* Sources */,
				D81FA3442FBD11190073C40F /* Frameworks */,
				D81FA3452FBD11190073C40F /* Resources */,
			);
			buildRules = (
			);
			dependencies = (
			);
			fileSystemSynchronizedGroups = (
				D81FA3492FBD11190073C40F /* Prototype 2026 */,
			);
			name = "Prototype 2026";
			packageProductDependencies = (
			);
			productName = "Prototype 2026";
			productReference = D81FA3472FBD11190073C40F /* Prototype 2026.app */;
			productType = "com.apple.product-type.application";
		};
		D81FA3552FBD111A0073C40F /* Prototype 2026Tests */ = {
			isa = PBXNativeTarget;
			buildConfigurationList = D81FA36D2FBD111A0073C40F /* Build configuration list for PBXNativeTarget "Prototype 2026Tests" */;
			buildPhases = (
				D81FA3522FBD111A0073C40F /* Sources */,
				D81FA3532FBD111A0073C40F /* Frameworks */,
				D81FA3542FBD111A0073C40F /* Resources */,
			);
			buildRules = (
			);
			dependencies = (
				D81FA3582FBD111A0073C40F /* PBXTargetDependency */,
			);
			fileSystemSynchronizedGroups = (
				D81FA3592FBD111A0073C40F /* Prototype 2026Tests */,
			);
			name = "Prototype 2026Tests";
			packageProductDependencies = (
			);
			productName = "Prototype 2026Tests";
			productReference = D81FA3562FBD111A0073C40F /* Prototype 2026Tests.xctest */;
			productType = "com.apple.product-type.bundle.unit-test";
		};
		D81FA35F2FBD111A0073C40F /* Prototype 2026UITests */ = {
			isa = PBXNativeTarget;
			buildConfigurationList = D81FA3702FBD111A0073C40F /* Build configuration list for PBXNativeTarget "Prototype 2026UITests" */;
			buildPhases = (
				D81FA35C2FBD111A0073C40F /* Sources */,
				D81FA35D2FBD111A0073C40F /* Frameworks */,
				D81FA35E2FBD111A0073C40F /* Resources */,
			);
			buildRules = (
			);
			dependencies = (
				D81FA3622FBD111A0073C40F /* PBXTargetDependency */,
			);
			fileSystemSynchronizedGroups = (
				D81FA3632FBD111A0073C40F /* Prototype 2026UITests */,
			);
			name = "Prototype 2026UITests";
			packageProductDependencies = (
			);
			productName = "Prototype 2026UITests";
			productReference = D81FA3602FBD111A0073C40F /* Prototype 2026UITests.xctest */;
			productType = "com.apple.product-type.bundle.ui-testing";
		};
/* End PBXNativeTarget section */

/* Begin PBXProject section */
		D81FA33F2FBD11190073C40F /* Project object */ = {
			isa = PBXProject;
			attributes = {
				BuildIndependentTargetsInParallel = 1;
				LastSwiftUpdateCheck = 2650;
				LastUpgradeCheck = 2650;
				TargetAttributes = {
					D81FA3462FBD11190073C40F = {
						CreatedOnToolsVersion = 26.5;
					};
					D81FA3552FBD111A0073C40F = {
						CreatedOnToolsVersion = 26.5;
						TestTargetID = D81FA3462FBD11190073C40F;
					};
					D81FA35F2FBD111A0073C40F = {
						CreatedOnToolsVersion = 26.5;
						TestTargetID = D81FA3462FBD11190073C40F;
					};
				};
			};
			buildConfigurationList = D81FA3422FBD11190073C40F /* Build configuration list for PBXProject "Prototype 2026" */;
			developmentRegion = en;
			hasScannedForEncodings = 0;
			knownRegions = (
				en,
				Base,
			);
			mainGroup = D81FA33E2FBD11190073C40F;
			minimizedProjectReferenceProxies = 1;
			preferredProjectObjectVersion = 77;
			productRefGroup = D81FA3482FBD11190073C40F /* Products */;
			projectDirPath = "";
			projectRoot = "";
			targets = (
				D81FA3462FBD11190073C40F /* Prototype 2026 */,
				D81FA3552FBD111A0073C40F /* Prototype 2026Tests */,
				D81FA35F2FBD111A0073C40F /* Prototype 2026UITests */,
			);
		};
/* End PBXProject section */

/* Begin PBXResourcesBuildPhase section */
		D81FA3452FBD11190073C40F /* Resources */ = {
			isa = PBXResourcesBuildPhase;
			buildActionMask = 2147483647;
			files = (
				D8266EA72FBD26F400C02BA0 /* vendor.babel.js in Resources */,
				D8266EA82FBD26F400C02BA0 /* vendor.react.js in Resources */,
				D8266EA92FBD26F400C02BA0 /* vendor.react-dom.js in Resources */,
			);
			runOnlyForDeploymentPostprocessing = 0;
		};
		D81FA3542FBD111A0073C40F /* Resources */ = {
			isa = PBXResourcesBuildPhase;
			buildActionMask = 2147483647;
			files = (
				D8266EAA2FBD26F400C02BA0 /* vendor.babel.js in Resources */,
				D8266EAB2FBD26F400C02BA0 /* vendor.react.js in Resources */,
				D8266EAC2FBD26F400C02BA0 /* vendor.react-dom.js in Resources */,
			);
			runOnlyForDeploymentPostprocessing = 0;
		};
		D81FA35E2FBD111A0073C40F /* Resources */ = {
			isa = PBXResourcesBuildPhase;
			buildActionMask = 2147483647;
			files = (
				D8266EAD2FBD26F400C02BA0 /* vendor.babel.js in Resources */,
				D8266EAE2FBD26F400C02BA0 /* vendor.react.js in Resources */,
				D8266EAF2FBD26F400C02BA0 /* vendor.react-dom.js in Resources */,
			);
			runOnlyForDeploymentPostprocessing = 0;
		};
/* End PBXResourcesBuildPhase section */

/* Begin PBXSourcesBuildPhase section */
		D81FA3432FBD11190073C40F /* Sources */ = {
			isa = PBXSourcesBuildPhase;
			buildActionMask = 2147483647;
			files = (
			);
			runOnlyForDeploymentPostprocessing = 0;
		};
		D81FA3522FBD111A0073C40F /* Sources */ = {
			isa = PBXSourcesBuildPhase;
			buildActionMask = 2147483647;
			files = (
			);
			runOnlyForDeploymentPostprocessing = 0;
		};
		D81FA35C2FBD111A0073C40F /* Sources */ = {
			isa = PBXSourcesBuildPhase;
			buildActionMask = 2147483647;
			files = (
			);
			runOnlyForDeploymentPostprocessing = 0;
		};
/* End PBXSourcesBuildPhase section */

/* Begin PBXTargetDependency section */
		D81FA3582FBD111A0073C40F /* PBXTargetDependency */ = {
			isa = PBXTargetDependency;
			target = D81FA3462FBD11190073C40F /* Prototype 2026 */;
			targetProxy = D81FA3572FBD111A0073C40F /* PBXContainerItemProxy */;
		};
		D81FA3622FBD111A0073C40F /* PBXTargetDependency */ = {
			isa = PBXTargetDependency;
			target = D81FA3462FBD11190073C40F /* Prototype 2026 */;
			targetProxy = D81FA3612FBD111A0073C40F /* PBXContainerItemProxy */;
		};
/* End PBXTargetDependency section */

/* Begin XCBuildConfiguration section */
		D81FA3682FBD111A0073C40F /* Debug */ = {
			isa = XCBuildConfiguration;
			buildSettings = {
				ALWAYS_SEARCH_USER_PATHS = NO;
				ASSETCATALOG_COMPILER_GENERATE_SWIFT_ASSET_SYMBOL_EXTENSIONS = YES;
				CLANG_ANALYZER_NONNULL = YES;
				CLANG_ANALYZER_NUMBER_OBJECT_CONVERSION = YES_AGGRESSIVE;
				CLANG_CXX_LANGUAGE_STANDARD = "gnu++20";
				CLANG_ENABLE_MODULES = YES;
				CLANG_ENABLE_OBJC_ARC = YES;
				CLANG_ENABLE_OBJC_WEAK = YES;
				CLANG_WARN_BLOCK_CAPTURE_AUTORELEASING = YES;
				CLANG_WARN_BOOL_CONVERSION = YES;
				CLANG_WARN_COMMA = YES;
				CLANG_WARN_CONSTANT_CONVERSION = YES;
				CLANG_WARN_DEPRECATED_OBJC_IMPLEMENTATIONS = YES;
				CLANG_WARN_DIRECT_OBJC_ISA_USAGE = YES_ERROR;
				CLANG_WARN_DOCUMENTATION_COMMENTS = YES;
				CLANG_WARN_EMPTY_BODY = YES;
				CLANG_WARN_ENUM_CONVERSION = YES;
				CLANG_WARN_INFINITE_RECURSION = YES;
				CLANG_WARN_INT_CONVERSION = YES;
				CLANG_WARN_NON_LITERAL_NULL_CONVERSION = YES;
				CLANG_WARN_OBJC_IMPLICIT_RETAIN_SELF = YES;
				CLANG_WARN_OBJC_LITERAL_CONVERSION = YES;
				CLANG_WARN_OBJC_ROOT_CLASS = YES_ERROR;
				CLANG_WARN_QUOTED_INCLUDE_IN_FRAMEWORK_HEADER = YES;
				CLANG_WARN_RANGE_LOOP_ANALYSIS = YES;
				CLANG_WARN_STRICT_PROTOTYPES = YES;
				CLANG_WARN_SUSPICIOUS_MOVE = YES;
				CLANG_WARN_UNGUARDED_AVAILABILITY = YES_AGGRESSIVE;
				CLANG_WARN_UNREACHABLE_CODE = YES;
				CLANG_WARN__DUPLICATE_METHOD_MATCH = YES;
				COPY_PHASE_STRIP = NO;
				DEBUG_INFORMATION_FORMAT = dwarf;
				ENABLE_STRICT_OBJC_MSGSEND = YES;
				ENABLE_TESTABILITY = YES;
				ENABLE_USER_SCRIPT_SANDBOXING = YES;
				GCC_C_LANGUAGE_STANDARD = gnu17;
				GCC_DYNAMIC_NO_PIC = NO;
				GCC_NO_COMMON_BLOCKS = YES;
				GCC_OPTIMIZATION_LEVEL = 0;
				GCC_PREPROCESSOR_DEFINITIONS = (
					"DEBUG=1",
					"$(inherited)",
				);
				GCC_WARN_64_TO_32_BIT_CONVERSION = YES;
				GCC_WARN_ABOUT_RETURN_TYPE = YES_ERROR;
				GCC_WARN_UNDECLARED_SELECTOR = YES;
				GCC_WARN_UNINITIALIZED_AUTOS = YES_AGGRESSIVE;
				GCC_WARN_UNUSED_FUNCTION = YES;
				GCC_WARN_UNUSED_VARIABLE = YES;
				IPHONEOS_DEPLOYMENT_TARGET = 26.5;
				LOCALIZATION_PREFERS_STRING_CATALOGS = YES;
				MTL_ENABLE_DEBUG_INFO = INCLUDE_SOURCE;
				MTL_FAST_MATH = YES;
				ONLY_ACTIVE_ARCH = YES;
				SDKROOT = iphoneos;
				SWIFT_ACTIVE_COMPILATION_CONDITIONS = "DEBUG $(inherited)";
				SWIFT_OPTIMIZATION_LEVEL = "-Onone";
			};
			name = Debug;
		};
		D81FA3692FBD111A0073C40F /* Release */ = {
			isa = XCBuildConfiguration;
			buildSettings = {
				ALWAYS_SEARCH_USER_PATHS = NO;
				ASSETCATALOG_COMPILER_GENERATE_SWIFT_ASSET_SYMBOL_EXTENSIONS = YES;
				CLANG_ANALYZER_NONNULL = YES;
				CLANG_ANALYZER_NUMBER_OBJECT_CONVERSION = YES_AGGRESSIVE;
				CLANG_CXX_LANGUAGE_STANDARD = "gnu++20";
				CLANG_ENABLE_MODULES = YES;
				CLANG_ENABLE_OBJC_ARC = YES;
				CLANG_ENABLE_OBJC_WEAK = YES;
				CLANG_WARN_BLOCK_CAPTURE_AUTORELEASING = YES;
				CLANG_WARN_BOOL_CONVERSION = YES;
				CLANG_WARN_COMMA = YES;
				CLANG_WARN_CONSTANT_CONVERSION = YES;
				CLANG_WARN_DEPRECATED_OBJC_IMPLEMENTATIONS = YES;
				CLANG_WARN_DIRECT_OBJC_ISA_USAGE = YES_ERROR;
				CLANG_WARN_DOCUMENTATION_COMMENTS = YES;
				CLANG_WARN_EMPTY_BODY = YES;
				CLANG_WARN_ENUM_CONVERSION = YES;
				CLANG_WARN_INFINITE_RECURSION = YES;
				CLANG_WARN_INT_CONVERSION = YES;
				CLANG_WARN_NON_LITERAL_NULL_CONVERSION = YES;
				CLANG_WARN_OBJC_IMPLICIT_RETAIN_SELF = YES;
				CLANG_WARN_OBJC_LITERAL_CONVERSION = YES;
				CLANG_WARN_OBJC_ROOT_CLASS = YES_ERROR;
				CLANG_WARN_QUOTED_INCLUDE_IN_FRAMEWORK_HEADER = YES;
				CLANG_WARN_RANGE_LOOP_ANALYSIS = YES;
				CLANG_WARN_STRICT_PROTOTYPES = YES;
				CLANG_WARN_SUSPICIOUS_MOVE = YES;
				CLANG_WARN_UNGUARDED_AVAILABILITY = YES_AGGRESSIVE;
				CLANG_WARN_UNREACHABLE_CODE = YES;
				CLANG_WARN__DUPLICATE_METHOD_MATCH = YES;
				COPY_PHASE_STRIP = NO;
				DEBUG_INFORMATION_FORMAT = "dwarf-with-dsym";
				ENABLE_NS_ASSERTIONS = NO;
				ENABLE_STRICT_OBJC_MSGSEND = YES;
				ENABLE_USER_SCRIPT_SANDBOXING = YES;
				GCC_C_LANGUAGE_STANDARD = gnu17;
				GCC_NO_COMMON_BLOCKS = YES;
				GCC_WARN_64_TO_32_BIT_CONVERSION = YES;
				GCC_WARN_ABOUT_RETURN_TYPE = YES_ERROR;
				GCC_WARN_UNDECLARED_SELECTOR = YES;
				GCC_WARN_UNINITIALIZED_AUTOS = YES_AGGRESSIVE;
				GCC_WARN_UNUSED_FUNCTION = YES;
				GCC_WARN_UNUSED_VARIABLE = YES;
				IPHONEOS_DEPLOYMENT_TARGET = 26.5;
				LOCALIZATION_PREFERS_STRING_CATALOGS = YES;
				MTL_ENABLE_DEBUG_INFO = NO;
				MTL_FAST_MATH = YES;
				SDKROOT = iphoneos;
				SWIFT_COMPILATION_MODE = wholemodule;
				VALIDATE_PRODUCT = YES;
			};
			name = Release;
		};
		D81FA36B2FBD111A0073C40F /* Debug */ = {
			isa = XCBuildConfiguration;
			buildSettings = {
				ASSETCATALOG_COMPILER_APPICON_NAME = AppIcon;
				ASSETCATALOG_COMPILER_GLOBAL_ACCENT_COLOR_NAME = AccentColor;
				CODE_SIGN_STYLE = Automatic;
				CURRENT_PROJECT_VERSION = 1;
				DEVELOPMENT_TEAM = MJNVX46V63;
				ENABLE_PREVIEWS = YES;
				GENERATE_INFOPLIST_FILE = YES;
				INFOPLIST_KEY_UIApplicationSceneManifest_Generation = YES;
				INFOPLIST_KEY_UIApplicationSupportsIndirectInputEvents = YES;
				INFOPLIST_KEY_UILaunchScreen_Generation = YES;
				INFOPLIST_KEY_UISupportedInterfaceOrientations_iPad = "UIInterfaceOrientationPortrait UIInterfaceOrientationPortraitUpsideDown UIInterfaceOrientationLandscapeLeft UIInterfaceOrientationLandscapeRight";
				INFOPLIST_KEY_UISupportedInterfaceOrientations_iPhone = "UIInterfaceOrientationPortrait UIInterfaceOrientationLandscapeLeft UIInterfaceOrientationLandscapeRight";
				LD_RUNPATH_SEARCH_PATHS = (
					"$(inherited)",
					"@executable_path/Frameworks",
				);
				MARKETING_VERSION = 1.0;
				PRODUCT_BUNDLE_IDENTIFIER = "D.Prototype-2026";
				PRODUCT_NAME = "$(TARGET_NAME)";
				STRING_CATALOG_GENERATE_SYMBOLS = YES;
				SWIFT_APPROACHABLE_CONCURRENCY = YES;
				SWIFT_DEFAULT_ACTOR_ISOLATION = MainActor;
				SWIFT_EMIT_LOC_STRINGS = YES;
				SWIFT_UPCOMING_FEATURE_MEMBER_IMPORT_VISIBILITY = YES;
				SWIFT_VERSION = 5.0;
				TARGETED_DEVICE_FAMILY = "1,2";
			};
			name = Debug;
		};
		D81FA36C2FBD111A0073C40F /* Release */ = {
			isa = XCBuildConfiguration;
			buildSettings = {
				ASSETCATALOG_COMPILER_APPICON_NAME = AppIcon;
				ASSETCATALOG_COMPILER_GLOBAL_ACCENT_COLOR_NAME = AccentColor;
				CODE_SIGN_STYLE = Automatic;
				CURRENT_PROJECT_VERSION = 1;
				DEVELOPMENT_TEAM = MJNVX46V63;
				ENABLE_PREVIEWS = YES;
				GENERATE_INFOPLIST_FILE = YES;
				INFOPLIST_KEY_UIApplicationSceneManifest_Generation = YES;
				INFOPLIST_KEY_UIApplicationSupportsIndirectInputEvents = YES;
				INFOPLIST_KEY_UILaunchScreen_Generation = YES;
				INFOPLIST_KEY_UISupportedInterfaceOrientations_iPad = "UIInterfaceOrientationPortrait UIInterfaceOrientationPortraitUpsideDown UIInterfaceOrientationLandscapeLeft UIInterfaceOrientationLandscapeRight";
				INFOPLIST_KEY_UISupportedInterfaceOrientations_iPhone = "UIInterfaceOrientationPortrait UIInterfaceOrientationLandscapeLeft UIInterfaceOrientationLandscapeRight";
				LD_RUNPATH_SEARCH_PATHS = (
					"$(inherited)",
					"@executable_path/Frameworks",
				);
				MARKETING_VERSION = 1.0;
				PRODUCT_BUNDLE_IDENTIFIER = "D.Prototype-2026";
				PRODUCT_NAME = "$(TARGET_NAME)";
				STRING_CATALOG_GENERATE_SYMBOLS = YES;
				SWIFT_APPROACHABLE_CONCURRENCY = YES;
				SWIFT_DEFAULT_ACTOR_ISOLATION = MainActor;
				SWIFT_EMIT_LOC_STRINGS = YES;
				SWIFT_UPCOMING_FEATURE_MEMBER_IMPORT_VISIBILITY = YES;
				SWIFT_VERSION = 5.0;
				TARGETED_DEVICE_FAMILY = "1,2";
			};
			name = Release;
		};
		D81FA36E2FBD111A0073C40F /* Debug */ = {
			isa = XCBuildConfiguration;
			buildSettings = {
				BUNDLE_LOADER = "$(TEST_HOST)";
				CODE_SIGN_STYLE = Automatic;
				CURRENT_PROJECT_VERSION = 1;
				GENERATE_INFOPLIST_FILE = YES;
				IPHONEOS_DEPLOYMENT_TARGET = 26.5;
				MARKETING_VERSION = 1.0;
				PRODUCT_BUNDLE_IDENTIFIER = "D.Prototype-2026Tests";
				PRODUCT_NAME = "$(TARGET_NAME)";
				STRING_CATALOG_GENERATE_SYMBOLS = NO;
				SWIFT_APPROACHABLE_CONCURRENCY = YES;
				SWIFT_EMIT_LOC_STRINGS = NO;
				SWIFT_UPCOMING_FEATURE_MEMBER_IMPORT_VISIBILITY = YES;
				SWIFT_VERSION = 5.0;
				TARGETED_DEVICE_FAMILY = "1,2";
				TEST_HOST = "$(BUILT_PRODUCTS_DIR)/Prototype 2026.app/$(BUNDLE_EXECUTABLE_FOLDER_PATH)/Prototype 2026";
			};
			name = Debug;
		};
		D81FA36F2FBD111A0073C40F /* Release */ = {
			isa = XCBuildConfiguration;
			buildSettings = {
				BUNDLE_LOADER = "$(TEST_HOST)";
				CODE_SIGN_STYLE = Automatic;
				CURRENT_PROJECT_VERSION = 1;
				GENERATE_INFOPLIST_FILE = YES;
				IPHONEOS_DEPLOYMENT_TARGET = 26.5;
				MARKETING_VERSION = 1.0;
				PRODUCT_BUNDLE_IDENTIFIER = "D.Prototype-2026Tests";
				PRODUCT_NAME = "$(TARGET_NAME)";
				STRING_CATALOG_GENERATE_SYMBOLS = NO;
				SWIFT_APPROACHABLE_CONCURRENCY = YES;
				SWIFT_EMIT_LOC_STRINGS = NO;
				SWIFT_UPCOMING_FEATURE_MEMBER_IMPORT_VISIBILITY = YES;
				SWIFT_VERSION = 5.0;
				TARGETED_DEVICE_FAMILY = "1,2";
				TEST_HOST = "$(BUILT_PRODUCTS_DIR)/Prototype 2026.app/$(BUNDLE_EXECUTABLE_FOLDER_PATH)/Prototype 2026";
			};
			name = Release;
		};
		D81FA3712FBD111A0073C40F /* Debug */ = {
			isa = XCBuildConfiguration;
			buildSettings = {
				CODE_SIGN_STYLE = Automatic;
				CURRENT_PROJECT_VERSION = 1;
				GENERATE_INFOPLIST_FILE = YES;
				MARKETING_VERSION = 1.0;
				PRODUCT_BUNDLE_IDENTIFIER = "D.Prototype-2026UITests";
				PRODUCT_NAME = "$(TARGET_NAME)";
				STRING_CATALOG_GENERATE_SYMBOLS = NO;
				SWIFT_APPROACHABLE_CONCURRENCY = YES;
				SWIFT_EMIT_LOC_STRINGS = NO;
				SWIFT_UPCOMING_FEATURE_MEMBER_IMPORT_VISIBILITY = YES;
				SWIFT_VERSION = 5.0;
				TARGETED_DEVICE_FAMILY = "1,2";
				TEST_TARGET_NAME = "Prototype 2026";
			};
			name = Debug;
		};
		D81FA3722FBD111A0073C40F /* Release */ = {
			isa = XCBuildConfiguration;
			buildSettings = {
				CODE_SIGN_STYLE = Automatic;
				CURRENT_PROJECT_VERSION = 1;
				GENERATE_INFOPLIST_FILE = YES;
				MARKETING_VERSION = 1.0;
				PRODUCT_BUNDLE_IDENTIFIER = "D.Prototype-2026UITests";
				PRODUCT_NAME = "$(TARGET_NAME)";
				STRING_CATALOG_GENERATE_SYMBOLS = NO;
				SWIFT_APPROACHABLE_CONCURRENCY = YES;
				SWIFT_EMIT_LOC_STRINGS = NO;
				SWIFT_UPCOMING_FEATURE_MEMBER_IMPORT_VISIBILITY = YES;
				SWIFT_VERSION = 5.0;
				TARGETED_DEVICE_FAMILY = "1,2";
				TEST_TARGET_NAME = "Prototype 2026";
			};
			name = Release;
		};
/* End XCBuildConfiguration section */

/* Begin XCConfigurationList section */
		D81FA3422FBD11190073C40F /* Build configuration list for PBXProject "Prototype 2026" */ = {
			isa = XCConfigurationList;
			buildConfigurations = (
				D81FA3682FBD111A0073C40F /* Debug */,
				D81FA3692FBD111A0073C40F /* Release */,
			);
			defaultConfigurationIsVisible = 0;
			defaultConfigurationName = Release;
		};
		D81FA36A2FBD111A0073C40F /* Build configuration list for PBXNativeTarget "Prototype 2026" */ = {
			isa = XCConfigurationList;
			buildConfigurations = (
				D81FA36B2FBD111A0073C40F /* Debug */,
				D81FA36C2FBD111A0073C40F /* Release */,
			);
			defaultConfigurationIsVisible = 0;
			defaultConfigurationName = Release;
		};
		D81FA36D2FBD111A0073C40F /* Build configuration list for PBXNativeTarget "Prototype 2026Tests" */ = {
			isa = XCConfigurationList;
			buildConfigurations = (
				D81FA36E2FBD111A0073C40F /* Debug */,
				D81FA36F2FBD111A0073C40F /* Release */,
			);
			defaultConfigurationIsVisible = 0;
			defaultConfigurationName = Release;
		};
		D81FA3702FBD111A0073C40F /* Build configuration list for PBXNativeTarget "Prototype 2026UITests" */ = {
			isa = XCConfigurationList;
			buildConfigurations = (
				D81FA3712FBD111A0073C40F /* Debug */,
				D81FA3722FBD111A0073C40F /* Release */,
			);
			defaultConfigurationIsVisible = 0;
			defaultConfigurationName = Release;
		};
/* End XCConfigurationList section */
	};
	rootObject = D81FA33F2FBD11190073C40F /* Project object */;
}
